
Microsoft Visual Studio Solution File, Format Version 12.00
# Visual Studio Version 17
VisualStudioVersion = 17.0.31903.59
MinimumVisualStudioVersion = 10.0.40219.1
Project("{9A19103F-16F7-4668-BE54-9A1E7A4F7556}") = "JACMS.Content.API", "API\JACMS.Content.API\JACMS.Content.API.csproj", "{CECE9524-5201-4944-BB8B-745EAF3B8CA3}"
EndProject
Project("{E53339B2-1760-4266-BCC7-CA923CBCF16C}") = "API-Docker", "API\API-Docker.dcproj", "{B661F241-FB24-494E-AD05-872E667F7126}"
EndProject
Project("{2150E333-8FDC-42A3-9474-1A3956D46DE8}") = "API", "API", "{4DF1599C-32AA-4666-BBC3-0D3AD8F5E083}"
EndProject
Project("{2150E333-8FDC-42A3-9474-1A3956D46DE8}") = "Services", "Services", "{D9B26A87-2548-40B4-B2B6-B7AFED82C144}"
EndProject
Project("{9A19103F-16F7-4668-BE54-9A1E7A4F7556}") = "JACMS.Content.PageBuilder", "Services\JACMS.Content.PageBuilder\JACMS.Content.PageBuilder.csproj", "{01873B63-FC55-4F68-84E1-DB9B52F42F6D}"
EndProject
Project("{9A19103F-16F7-4668-BE54-9A1E7A4F7556}") = "JACMS.Content.PageCacher", "Services\JACMS.Content.PageCacher\JACMS.Content.PageCacher.csproj", "{B0572741-BF24-4280-9553-7363D31A0696}"
EndProject
Project("{2150E333-8FDC-42A3-9474-1A3956D46DE8}") = "DataAccess", "DataAccess", "{0D3129C3-8605-42A7-8030-3376AC857A7F}"
EndProject
Project("{9A19103F-16F7-4668-BE54-9A1E7A4F7556}") = "JACMS.Content.APIClient", "DataAccess\JACMS.Content.APIClient\JACMS.Content.APIClient.csproj", "{BD54C9A2-253E-4796-9985-F5FF4E1F190E}"
EndProject
Project("{9A19103F-16F7-4668-BE54-9A1E7A4F7556}") = "JACMS.Content.CommandHandlers", "DataAccess\JACMS.Content.CommandHandlers\JACMS.Content.CommandHandlers.csproj", "{D17B3373-5532-4032-9AEF-13F77842647F}"
EndProject
Project("{9A19103F-16F7-4668-BE54-9A1E7A4F7556}") = "JACMS.Content.Core", "DataAccess\JACMS.Content.Core\JACMS.Content.Core.csproj", "{4AF0B333-0C30-462E-B593-650CD4C7AFD2}"
EndProject
Project("{9A19103F-16F7-4668-BE54-9A1E7A4F7556}") = "JACMS.Content.Infrastructure", "DataAccess\JACMS.Content.Infrastructure\JACMS.Content.Infrastructure.csproj", "{138EB5C2-C7D0-4C85-A54C-991BFFB8AE91}"
EndProject
Project("{9A19103F-16F7-4668-BE54-9A1E7A4F7556}") = "JACMS.Content.QueryHandlers", "DataAccess\JACMS.Content.QueryHandlers\JACMS.Content.QueryHandlers.csproj", "{C8A2998F-11D6-49FD-89EF-989583520FDC}"
EndProject
Project("{2150E333-8FDC-42A3-9474-1A3956D46DE8}") = "Docker", "Docker", "{7E7FE2AD-77A2-45C3-97D0-075CD86F6D0F}"
EndProject
Global
	GlobalSection(SolutionConfigurationPlatforms) = preSolution
		Debug|Any CPU = Debug|Any CPU
		Release|Any CPU = Release|Any CPU
	EndGlobalSection
	GlobalSection(ProjectConfigurationPlatforms) = postSolution
		{CECE9524-5201-4944-BB8B-745EAF3B8CA3}.Debug|Any CPU.ActiveCfg = Debug|Any CPU
		{CECE9524-5201-4944-BB8B-745EAF3B8CA3}.Debug|Any CPU.Build.0 = Debug|Any CPU
		{CECE9524-5201-4944-BB8B-745EAF3B8CA3}.Release|Any CPU.ActiveCfg = Release|Any CPU
		{CECE9524-5201-4944-BB8B-745EAF3B8CA3}.Release|Any CPU.Build.0 = Release|Any CPU
		{B661F241-FB24-494E-AD05-872E667F7126}.Debug|Any CPU.ActiveCfg = Debug|Any CPU
		{B661F241-FB24-494E-AD05-872E667F7126}.Debug|Any CPU.Build.0 = Debug|Any CPU
		{B661F241-FB24-494E-AD05-872E667F7126}.Release|Any CPU.ActiveCfg = Release|Any CPU
		{B661F241-FB24-494E-AD05-872E667F7126}.Release|Any CPU.Build.0 = Release|Any CPU
		{01873B63-FC55-4F68-84E1-DB9B52F42F6D}.Debug|Any CPU.ActiveCfg = Debug|Any CPU
		{01873B63-FC55-4F68-84E1-DB9B52F42F6D}.Debug|Any CPU.Build.0 = Debug|Any CPU
		{01873B63-FC55-4F68-84E1-DB9B52F42F6D}.Release|Any CPU.ActiveCfg = Release|Any CPU
		{01873B63-FC55-4F68-84E1-DB9B52F42F6D}.Release|Any CPU.Build.0 = Release|Any CPU
		{B0572741-BF24-4280-9553-7363D31A0696}.Debug|Any CPU.ActiveCfg = Debug|Any CPU
		{B0572741-BF24-4280-9553-7363D31A0696}.Debug|Any CPU.Build.0 = Debug|Any CPU
		{B0572741-BF24-4280-9553-7363D31A0696}.Release|Any CPU.ActiveCfg = Release|Any CPU
		{B0572741-BF24-4280-9553-7363D31A0696}.Release|Any CPU.Build.0 = Release|Any CPU
		{BD54C9A2-253E-4796-9985-F5FF4E1F190E}.Debug|Any CPU.ActiveCfg = Debug|Any CPU
		{BD54C9A2-253E-4796-9985-F5FF4E1F190E}.Debug|Any CPU.Build.0 = Debug|Any CPU
		{BD54C9A2-253E-4796-9985-F5FF4E1F190E}.Release|Any CPU.ActiveCfg = Release|Any CPU
		{BD54C9A2-253E-4796-9985-F5FF4E1F190E}.Release|Any CPU.Build.0 = Release|Any CPU
		{D17B3373-5532-4032-9AEF-13F77842647F}.Debug|Any CPU.ActiveCfg = Debug|Any CPU
		{D17B3373-5532-4032-9AEF-13F77842647F}.Debug|Any CPU.Build.0 = Debug|Any CPU
		{D17B3373-5532-4032-9AEF-13F77842647F}.Release|Any CPU.ActiveCfg = Release|Any CPU
		{D17B3373-5532-4032-9AEF-13F77842647F}.Release|Any CPU.Build.0 = Release|Any CPU
		{4AF0B333-0C30-462E-B593-650CD4C7AFD2}.Debug|Any CPU.ActiveCfg = Debug|Any CPU
		{4AF0B333-0C30-462E-B593-650CD4C7AFD2}.Debug|Any CPU.Build.0 = Debug|Any CPU
		{4AF0B333-0C30-462E-B593-650CD4C7AFD2}.Release|Any CPU.ActiveCfg = Release|Any CPU
		{4AF0B333-0C30-462E-B593-650CD4C7AFD2}.Release|Any CPU.Build.0 = Release|Any CPU
		{138EB5C2-C7D0-4C85-A54C-991BFFB8AE91}.Debug|Any CPU.ActiveCfg = Debug|Any CPU
		{138EB5C2-C7D0-4C85-A54C-991BFFB8AE91}.Debug|Any CPU.Build.0 = Debug|Any CPU
		{138EB5C2-C7D0-4C85-A54C-991BFFB8AE91}.Release|Any CPU.ActiveCfg = Release|Any CPU
		{138EB5C2-C7D0-4C85-A54C-991BFFB8AE91}.Release|Any CPU.Build.0 = Release|Any CPU
		{C8A2998F-11D6-49FD-89EF-989583520FDC}.Debug|Any CPU.ActiveCfg = Debug|Any CPU
		{C8A2998F-11D6-49FD-89EF-989583520FDC}.Debug|Any CPU.Build.0 = Debug|Any CPU
		{C8A2998F-11D6-49FD-89EF-989583520FDC}.Release|Any CPU.ActiveCfg = Release|Any CPU
		{C8A2998F-11D6-49FD-89EF-989583520FDC}.Release|Any CPU.Build.0 = Release|Any CPU
	EndGlobalSection
	GlobalSection(SolutionProperties) = preSolution
		HideSolutionNode = FALSE
	EndGlobalSection
	GlobalSection(NestedProjects) = preSolution
		{CECE9524-5201-4944-BB8B-745EAF3B8CA3} = {4DF1599C-32AA-4666-BBC3-0D3AD8F5E083}
		{B661F241-FB24-494E-AD05-872E667F7126} = {7E7FE2AD-77A2-45C3-97D0-075CD86F6D0F}
		{01873B63-FC55-4F68-84E1-DB9B52F42F6D} = {D9B26A87-2548-40B4-B2B6-B7AFED82C144}
		{B0572741-BF24-4280-9553-7363D31A0696} = {D9B26A87-2548-40B4-B2B6-B7AFED82C144}
		{BD54C9A2-253E-4796-9985-F5FF4E1F190E} = {0D3129C3-8605-42A7-8030-3376AC857A7F}
		{D17B3373-5532-4032-9AEF-13F77842647F} = {0D3129C3-8605-42A7-8030-3376AC857A7F}
		{4AF0B333-0C30-462E-B593-650CD4C7AFD2} = {0D3129C3-8605-42A7-8030-3376AC857A7F}
		{138EB5C2-C7D0-4C85-A54C-991BFFB8AE91} = {0D3129C3-8605-42A7-8030-3376AC857A7F}
		{C8A2998F-11D6-49FD-89EF-989583520FDC} = {0D3129C3-8605-42A7-8030-3376AC857A7F}
	EndGlobalSection
	GlobalSection(ExtensibilityGlobals) = postSolution
		SolutionGuid = {5E860F85-8E9A-4F6E-A872-4F80D05BDA4D}
	EndGlobalSection
EndGlobal
